<?xml version="1.0" encoding="utf-8"?>
<Project ToolsVersion="4.0" xmlns="http://schemas.microsoft.com/developer/msbuild/2003">
  <ItemGroup>
    <Filter Include="Archivos de origen">
      <UniqueIdentifier>{4FC737F1-C7A5-4376-A066-2A32D752A2FF}</UniqueIdentifier>
      <Extensions>cpp;c;cc;cxx;c++;cppm;ixx;def;odl;idl;hpj;bat;asm;asmx</Extensions>
    </Filter>
    <Filter Include="Archivos de encabezado">
      <UniqueIdentifier>{93995380-89BD-4b04-88EB-625FBE52EBFB}</UniqueIdentifier>
      <Extensions>h;hh;hpp;hxx;h++;hm;inl;inc;ipp;xsd</Extensions>
    </Filter>
    <Filter Include="Archivos de recursos">
      <UniqueIdentifier>{67DA6AB6-F800-4c08-8B7A-83BB121AAD01}</UniqueIdentifier>
      <Extensions>rc;ico;cur;bmp;dlg;rc2;rct;bin;rgs;gif;jpg;jpeg;jpe;resx;tiff;tif;png;wav;mfcribbon-ms</Extensions>
    </Filter>
    <Filter Include="Memory">
      <UniqueIdentifier>{9ecfad0b-7be0-452c-9821-64c903847ab2}</UniqueIdentifier>
    </Filter>
    <Filter Include="ECS">
      <UniqueIdentifier>{b0555460-c28c-4ab4-86ae-c8d0be327b4f}</UniqueIdentifier>
    </Filter>
    <Filter Include="Assets">
      <UniqueIdentifier>{fa38d982-5e17-4606-b14a-b5424e0fe79d}</UniqueIdentifier>
    </Filter>
    <Filter Include="Assets\Textures">
      <UniqueIdentifier>{c5e24e41-bd0c-4b61-ab41-66d6d06e572a}</UniqueIdentifier>
    </Filter>
    <Filter Include="Assets\Textures\Tracks">
      <UniqueIdentifier>{d687a1a9-7ed2-4ebf-8bf3-a71889b83415}</UniqueIdentifier>
    </Filter>
    <Filter Include="Assets\Textures\Characters">
      <UniqueIdentifier>{f35b6397-a7c4-4df4-9457-99fd248cfc20}</UniqueIdentifier>
    </Filter>
    <Filter Include="Systems">
      <UniqueIdentifier>{f109d366-7f45-4c9d-bd4e-9cb913fdbf5b}</UniqueIdentifier>
    </Filter>
    <Filter Include="Componentss">
      <UniqueIdentifier>{dc60f961-eec8-48a8-ad75-5823ac155966}</UniqueIdentifier>
    </Filter>
    <Filter Include="Circuit">
      <UniqueIdentifier>{1f362828-50f4-49f4-93d6-881031b1d584}</UniqueIdentifier>
    </Filter>
    <Filter Include="Systems\Systems.cpp">
      <UniqueIdentifier>{d46c6f42-665e-4ecc-aa0d-b8556960d3ab}</UniqueIdentifier>
    </Filter>
  </ItemGroup>
  <ItemGroup>
    <ClCompile Include="src\main.cpp">
      <Filter>Archivos de recursos</Filter>
    </ClCompile>
    <ClCompile Include="src\BaseApp.cpp">
      <Filter>Archivos de recursos</Filter>
    </ClCompile>
    <ClCompile Include="src\Window.cpp">
      <Filter>Archivos de recursos</Filter>
    </ClCompile>
    <ClCompile Include="src\CShape.cpp">
      <Filter>Archivos de recursos</Filter>
    </ClCompile>
    <ClCompile Include="src\ECS\Actor.cpp">
      <Filter>Archivos de recursos</Filter>
    </ClCompile>
    <ClCompile Include="src\ResourceManager.cpp">
      <Filter>Archivos de recursos</Filter>
    </ClCompile>
    <ClCompile Include="src\EngineGUI.cpp">
      <Filter>Archivos de recursos</Filter>
    </ClCompile>
    <ClCompile Include="src\ECS\A_Racer.cpp">
      <Filter>Archivos de recursos</Filter>
    </ClCompile>
    <ClCompile Include="src\Systems\PlayerInputSystem.cpp">
      <Filter>Systems\Systems.cpp</Filter>
    </ClCompile>
    <ClCompile Include="src\Systems\RaceSystem.cpp">
      <Filter>Systems\Systems.cpp</Filter>
    </ClCompile>
    <ClCompile Include="src\Systems\SteeringSystem.cpp">
      <Filter>Systems\Systems.cpp</Filter>
    </ClCompile>
    <ClCompile Include="src\Systems\WaypointFollorSystem.cpp">
      <Filter>Systems\Systems.cpp</Filter>
    </ClCompile>
    <ClCompile Include="src\Utilities\CVector2.cpp">
      <Filter>Archivos de recursos</Filter>
    </ClCompile>
  </ItemGroup>
  <ItemGroup>
    <ClInclude Include="include\Prerequisites.h">
      <Filter>Archivos de encabezado</Filter>
    </ClInclude>
    <ClInclude Include="include\BaseApp.h">
      <Filter>Archivos de encabezado</Filter>
    </ClInclude>
    <ClInclude Include="include\CShape.h">
      <Filter>Archivos de encabezado</Filter>
    </ClInclude>
    <ClInclude Include="include\Memory\TSharedPointer.h">
      <Filter>Memory</Filter>
    </ClInclude>
    <ClInclude Include="include\Memory\TStaticPtr.h">
      <Filter>Memory</Filter>
    </ClInclude>
    <ClInclude Include="include\Memory\TUniquePtr.h">
      <Filter>Memory</Filter>
    </ClInclude>
    <ClInclude Include="include\Memory\TWeakPointer.h">
      <Filter>Memory</Filter>
    </ClInclude>
    <ClInclude Include="include\ECS\Actor.h">
      <Filter>ECS</Filter>
    </ClInclude>
    <ClInclude Include="include\ECS\Component.h">
      <Filter>ECS</Filter>
    </ClInclude>
    <ClInclude Include="include\ECS\Entity.h">
      <Filter>ECS</Filter>
    </ClInclude>
    <ClInclude Include="include\ECS\transform.h">
      <Filter>ECS</Filter>
    </ClInclude>
    <ClInclude Include="include\Utilities\Cvector2.h">
      <Filter>Archivos de encabezado</Filter>
    </ClInclude>
    <ClInclude Include="include\Window.h">
      <Filter>Archivos de origen</Filter>
    </ClInclude>
    <ClInclude Include="include\ResourceManager.h">
      <Filter>Archivos de encabezado</Filter>
    </ClInclude>
    <ClInclude Include="include\ECS\Texture.h">
      <Filter>ECS</Filter>
    </ClInclude>
    <ClInclude Include="include\EngineGUI.h">
      <Filter>Archivos de encabezado</Filter>
    </ClInclude>
    <ClInclude Include="include\ECS\A_Player.h">
      <Filter>ECS</Filter>
    </ClInclude>
    <ClInclude Include="include\ECS\A_Racer.h">
      <Filter>ECS</Filter>
    </ClInclude>
    <ClInclude Include="include\Systems\PlayerSystems.h">
      <Filter>Systems</Filter>
    </ClInclude>
    <ClInclude Include="include\Systems\RaceSystem.h">
      <Filter>Systems</Filter>
    </ClInclude>
    <ClInclude Include="include\Systems\WaypointSystem.h">
      <Filter>Systems</Filter>
    </ClInclude>
    <ClInclude Include="include\Systems\WaypointMaganer.h">
      <Filter>Systems</Filter>
    </ClInclude>
    <ClInclude Include="include\Components\RaceCountdown.h">
      <Filter>Componentss</Filter>
    </ClInclude>
    <ClInclude Include="include\Components\LapComponent.h">
      <Filter>Componentss</Filter>
    </ClInclude>
    <ClInclude Include="include\Circuit\Circuit1.h">
      <Filter>Circuit</Filter>
    </ClInclude>
  </ItemGroup>
  <ItemGroup>
    <Image Include="..\..\..\Downloads\m_ATrack.png">
      <Filter>Assets\Textures\Tracks</Filter>
    </Image>
    <Image Include="..\..\..\Downloads\SNES - Super Mario Kart - Racers - Koopa Troopa.png">
      <Filter>Assets\Textures\Characters</Filter>
    </Image>
    <Image Include="..\..\..\Downloads\SNES - Super Mario Kart - Racers - Toad.png">
      <Filter>Assets\Textures\Characters</Filter>
    </Image>
  </ItemGroup>
</Project>